
Microsoft Visual Studio Solution File, Format Version 12.00
# Visual Studio 15
VisualStudioVersion = 15.0.27703.2042
MinimumVisualStudioVersion = 10.0.40219.1
Project("{9A19103F-16F7-4668-BE54-9A1E7A4F7556}") = "Questionnaire", "Questionnaire.csproj", "{1B5F742E-400D-4AC5-A18B-D5A92874431C}"
EndProject
Project("{9A19103F-16F7-4668-BE54-9A1E7A4F7556}") = "Magic8BallSimulator", "Magic8BallSimulator\Magic8BallSimulator.csproj", "{3AFDE58C-088C-4309-8040-5BE169512DA9}"
EndProject
Global
	GlobalSection(SolutionConfigurationPlatforms) = preSolution
		Debug|Any CPU = Debug|Any CPU
		Release|Any CPU = Release|Any CPU
	EndGlobalSection
	GlobalSection(ProjectConfigurationPlatforms) = postSolution
		{1B5F742E-400D-4AC5-A18B-D5A92874431C}.Debug|Any CPU.ActiveCfg = Debug|Any CPU
		{1B5F742E-400D-4AC5-A18B-D5A92874431C}.Debug|Any CPU.Build.0 = Debug|Any CPU
		{1B5F742E-400D-4AC5-A18B-D5A92874431C}.Release|Any CPU.ActiveCfg = Release|Any CPU
		{1B5F742E-400D-4AC5-A18B-D5A92874431C}.Release|Any CPU.Build.0 = Release|Any CPU
		{3AFDE58C-088C-4309-8040-5BE169512DA9}.Debug|Any CPU.ActiveCfg = Debug|Any CPU
		{3AFDE58C-088C-4309-8040-5BE169512DA9}.Debug|Any CPU.Build.0 = Debug|Any CPU
		{3AFDE58C-088C-4309-8040-5BE169512DA9}.Release|Any CPU.ActiveCfg = Release|Any CPU
		{3AFDE58C-088C-4309-8040-5BE169512DA9}.Release|Any CPU.Build.0 = Release|Any CPU
	EndGlobalSection
	GlobalSection(SolutionProperties) = preSolution
		HideSolutionNode = FALSE
	EndGlobalSection
	GlobalSection(ExtensibilityGlobals) = postSolution
		SolutionGuid = {4F1360C7-270E-4365-9A93-8B6950EAC96E}
	EndGlobalSection
EndGlobal
